
Microsoft Visual Studio Solution File, Format Version 12.00
# Visual Studio Version 16
VisualStudioVersion = 16.0.29709.97
MinimumVisualStudioVersion = 10.0.40219.1
Project("{9A19103F-16F7-4668-BE54-9A1E7A4F7556}") = "DataAccessLayer", "DataAccessLayer\DataAccessLayer.csproj", "{EDF32604-2F46-405C-8EA3-296F0DB40EF0}"
EndProject
Project("{9A19103F-16F7-4668-BE54-9A1E7A4F7556}") = "Web", "Web\Web.csproj", "{5153B428-A826-4F14-9CB8-1FCF6567D5DF}"
EndProject
Project("{FAE04EC0-301F-11D3-BF4B-00C04F79EFBC}") = "RepositoryLayer", "RepositoryLayer\RepositoryLayer.csproj", "{7983B614-3554-430C-870F-06361A8B9B92}"
EndProject
Project("{FAE04EC0-301F-11D3-BF4B-00C04F79EFBC}") = "ServiceLayer", "ServiceLayer\ServiceLayer.csproj", "{B19FDDAF-27F5-4BA4-A0B9-1E4535633656}"
EndProject
Global
	GlobalSection(SolutionConfigurationPlatforms) = preSolution
		Debug|Any CPU = Debug|Any CPU
		Release|Any CPU = Release|Any CPU
	EndGlobalSection
	GlobalSection(ProjectConfigurationPlatforms) = postSolution
		{EDF32604-2F46-405C-8EA3-296F0DB40EF0}.Debug|Any CPU.ActiveCfg = Debug|Any CPU
		{EDF32604-2F46-405C-8EA3-296F0DB40EF0}.Debug|Any CPU.Build.0 = Debug|Any CPU
		{EDF32604-2F46-405C-8EA3-296F0DB40EF0}.Release|Any CPU.ActiveCfg = Release|Any CPU
		{EDF32604-2F46-405C-8EA3-296F0DB40EF0}.Release|Any CPU.Build.0 = Release|Any CPU
		{5153B428-A826-4F14-9CB8-1FCF6567D5DF}.Debug|Any CPU.ActiveCfg = Debug|Any CPU
		{5153B428-A826-4F14-9CB8-1FCF6567D5DF}.Debug|Any CPU.Build.0 = Debug|Any CPU
		{5153B428-A826-4F14-9CB8-1FCF6567D5DF}.Release|Any CPU.ActiveCfg = Release|Any CPU
		{5153B428-A826-4F14-9CB8-1FCF6567D5DF}.Release|Any CPU.Build.0 = Release|Any CPU
		{7983B614-3554-430C-870F-06361A8B9B92}.Debug|Any CPU.ActiveCfg = Debug|Any CPU
		{7983B614-3554-430C-870F-06361A8B9B92}.Debug|Any CPU.Build.0 = Debug|Any CPU
		{7983B614-3554-430C-870F-06361A8B9B92}.Release|Any CPU.ActiveCfg = Release|Any CPU
		{7983B614-3554-430C-870F-06361A8B9B92}.Release|Any CPU.Build.0 = Release|Any CPU
		{B19FDDAF-27F5-4BA4-A0B9-1E4535633656}.Debug|Any CPU.ActiveCfg = Debug|Any CPU
		{B19FDDAF-27F5-4BA4-A0B9-1E4535633656}.Debug|Any CPU.Build.0 = Debug|Any CPU
		{B19FDDAF-27F5-4BA4-A0B9-1E4535633656}.Release|Any CPU.ActiveCfg = Release|Any CPU
		{B19FDDAF-27F5-4BA4-A0B9-1E4535633656}.Release|Any CPU.Build.0 = Release|Any CPU
	EndGlobalSection
	GlobalSection(SolutionProperties) = preSolution
		HideSolutionNode = FALSE
	EndGlobalSection
	GlobalSection(ExtensibilityGlobals) = postSolution
		SolutionGuid = {C522DBE0-A71C-465E-A643-5276D3734C97}
	EndGlobalSection
EndGlobal
